// !$*UTF8*$!
{
	archiveVersion = 1;
	classes = {
	};
	objectVersion = 56;
	objects = {

/* Begin PBXBuildFile section */
		C503147B29EEE7F5000A3560 /* MyWorkCardView.swift in Sources */ = {isa = PBXBuildFile; fileRef = C503147A29EEE7F5000A3560 /* MyWorkCardView.swift */; };
		C52C9FAE29E54C00007D616D /* AppDelegate.swift in Sources */ = {isa = PBXBuildFile; fileRef = C52C9FAD29E54C00007D616D /* AppDelegate.swift */; };
		C52C9FB029E54C00007D616D /* SceneDelegate.swift in Sources */ = {isa = PBXBuildFile; fileRef = C52C9FAF29E54C00007D616D /* SceneDelegate.swift */; };
		C52C9FB229E54C00007D616D /* ViewController.swift in Sources */ = {isa = PBXBuildFile; fileRef = C52C9FB129E54C00007D616D /* ViewController.swift */; };
		C52C9FB529E54C00007D616D /* Main.storyboard in Resources */ = {isa = PBXBuildFile; fileRef = C52C9FB329E54C00007D616D /* Main.storyboard */; };
		C52C9FB729E54C02007D616D /* Assets.xcassets in Resources */ = {isa = PBXBuildFile; fileRef = C52C9FB629E54C02007D616D /* Assets.xcassets */; };
		C52C9FBA29E54C02007D616D /* LaunchScreen.storyboard in Resources */ = {isa = PBXBuildFile; fileRef = C52C9FB829E54C02007D616D /* LaunchScreen.storyboard */; };
		C52C9FC329E54D87007D616D /* Coordinator.swift in Sources */ = {isa = PBXBuildFile; fileRef = C52C9FC229E54D87007D616D /* Coordinator.swift */; };
		C52C9FC529E54E3E007D616D /* MainCoordinator.swift in Sources */ = {isa = PBXBuildFile; fileRef = C52C9FC429E54E3E007D616D /* MainCoordinator.swift */; };
		C52C9FC929E55A40007D616D /* HomeCoordinator.swift in Sources */ = {isa = PBXBuildFile; fileRef = C52C9FC829E55A40007D616D /* HomeCoordinator.swift */; };
		C52C9FCB29E55A59007D616D /* HomeViewController.swift in Sources */ = {isa = PBXBuildFile; fileRef = C52C9FCA29E55A59007D616D /* HomeViewController.swift */; };
		C52C9FCD29E55A65007D616D /* HomeViewModel.swift in Sources */ = {isa = PBXBuildFile; fileRef = C52C9FCC29E55A65007D616D /* HomeViewModel.swift */; };
		C52C9FCF29E55A78007D616D /* HomeView.swift in Sources */ = {isa = PBXBuildFile; fileRef = C52C9FCE29E55A78007D616D /* HomeView.swift */; };
		C52C9FD229E55DE4007D616D /* FleetCoordinator.swift in Sources */ = {isa = PBXBuildFile; fileRef = C52C9FD129E55DE4007D616D /* FleetCoordinator.swift */; };
		C52C9FD429E55DF3007D616D /* FleetViewModel.swift in Sources */ = {isa = PBXBuildFile; fileRef = C52C9FD329E55DF3007D616D /* FleetViewModel.swift */; };
		C52C9FD629E55E00007D616D /* FleetViewController.swift in Sources */ = {isa = PBXBuildFile; fileRef = C52C9FD529E55E00007D616D /* FleetViewController.swift */; };
		C52C9FDB29E56029007D616D /* MyWorkCoordinator.swift in Sources */ = {isa = PBXBuildFile; fileRef = C52C9FDA29E56029007D616D /* MyWorkCoordinator.swift */; };
		C52C9FDD29E56036007D616D /* MyWorkViewModel.swift in Sources */ = {isa = PBXBuildFile; fileRef = C52C9FDC29E56036007D616D /* MyWorkViewModel.swift */; };
		C52C9FDF29E56048007D616D /* MyWorkViewController.swift in Sources */ = {isa = PBXBuildFile; fileRef = C52C9FDE29E56048007D616D /* MyWorkViewController.swift */; };
		C52C9FE429E56592007D616D /* Colors+.swift in Sources */ = {isa = PBXBuildFile; fileRef = C52C9FE329E56592007D616D /* Colors+.swift */; };
		C52C9FEA29E5681D007D616D /* Myriad-Pro-Condensed.ttf in Resources */ = {isa = PBXBuildFile; fileRef = C52C9FE729E5681C007D616D /* Myriad-Pro-Condensed.ttf */; };
		C52C9FEB29E5681D007D616D /* Myriad-Pro-Bold-Condensed.ttf in Resources */ = {isa = PBXBuildFile; fileRef = C52C9FE829E5681C007D616D /* Myriad-Pro-Bold-Condensed.ttf */; };
		C52C9FEC29E5681D007D616D /* Myriad-Pro-Light-Condensed.ttf in Resources */ = {isa = PBXBuildFile; fileRef = C52C9FE929E5681C007D616D /* Myriad-Pro-Light-Condensed.ttf */; };
		C52C9FEF29E56951007D616D /* Fonts+.swift in Sources */ = {isa = PBXBuildFile; fileRef = C52C9FEE29E56951007D616D /* Fonts+.swift */; };
		C53A47B729F130D200F16201 /* FleetCardView.swift in Sources */ = {isa = PBXBuildFile; fileRef = C53A47B629F130D200F16201 /* FleetCardView.swift */; };
		C53A47B929F1535A00F16201 /* FleetCardCellView.swift in Sources */ = {isa = PBXBuildFile; fileRef = C53A47B829F1535A00F16201 /* FleetCardCellView.swift */; };
		C53A47BB29F15D8400F16201 /* Pumps.swift in Sources */ = {isa = PBXBuildFile; fileRef = C53A47BA29F15D8400F16201 /* Pumps.swift */; };
		C545A5E229EFF2D1004B2D82 /* EventCardView.swift in Sources */ = {isa = PBXBuildFile; fileRef = C545A5E129EFF2D1004B2D82 /* EventCardView.swift */; };
		C5601D802A00FF6F0032CC0E /* EventCard.swift in Sources */ = {isa = PBXBuildFile; fileRef = C5601D7F2A00FF6F0032CC0E /* EventCard.swift */; };
		C5B0112D29FA93CD00E8BA1D /* HamburgerView.swift in Sources */ = {isa = PBXBuildFile; fileRef = C5B0112C29FA93CD00E8BA1D /* HamburgerView.swift */; };
		C5B74F1129E6B88C00163C48 /* UIView+.swift in Sources */ = {isa = PBXBuildFile; fileRef = C5B74F1029E6B88C00163C48 /* UIView+.swift */; };
		C5B99C7629ED3BB9006A0F3D /* NoContentView.swift in Sources */ = {isa = PBXBuildFile; fileRef = C5B99C7529ED3BB9006A0F3D /* NoContentView.swift */; };
		C5B99C7829ED5A7F006A0F3D /* UILabel+.swift in Sources */ = {isa = PBXBuildFile; fileRef = C5B99C7729ED5A7F006A0F3D /* UILabel+.swift */; };
		C5B99C7A29ED983E006A0F3D /* NavBarView.swift in Sources */ = {isa = PBXBuildFile; fileRef = C5B99C7929ED983E006A0F3D /* NavBarView.swift */; };
/* End PBXBuildFile section */

/* Begin PBXFileReference section */
		C503147A29EEE7F5000A3560 /* MyWorkCardView.swift */ = {isa = PBXFileReference; lastKnownFileType = sourcecode.swift; path = MyWorkCardView.swift; sourceTree = "<group>"; };
		C52C9FAA29E54C00007D616D /* Painter.app */ = {isa = PBXFileReference; explicitFileType = wrapper.application; includeInIndex = 0; path = Painter.app; sourceTree = BUILT_PRODUCTS_DIR; };
		C52C9FAD29E54C00007D616D /* AppDelegate.swift */ = {isa = PBXFileReference; lastKnownFileType = sourcecode.swift; path = AppDelegate.swift; sourceTree = "<group>"; };
		C52C9FAF29E54C00007D616D /* SceneDelegate.swift */ = {isa = PBXFileReference; lastKnownFileType = sourcecode.swift; path = SceneDelegate.swift; sourceTree = "<group>"; };
		C52C9FB129E54C00007D616D /* ViewController.swift */ = {isa = PBXFileReference; lastKnownFileType = sourcecode.swift; path = ViewController.swift; sourceTree = "<group>"; };
		C52C9FB429E54C00007D616D /* Base */ = {isa = PBXFileReference; lastKnownFileType = file.storyboard; name = Base; path = Base.lproj/Main.storyboard; sourceTree = "<group>"; };
		C52C9FB629E54C02007D616D /* Assets.xcassets */ = {isa = PBXFileReference; lastKnownFileType = folder.assetcatalog; path = Assets.xcassets; sourceTree = "<group>"; };
		C52C9FB929E54C02007D616D /* Base */ = {isa = PBXFileReference; lastKnownFileType = file.storyboard; name = Base; path = Base.lproj/LaunchScreen.storyboard; sourceTree = "<group>"; };
		C52C9FBB29E54C02007D616D /* Info.plist */ = {isa = PBXFileReference; lastKnownFileType = text.plist.xml; path = Info.plist; sourceTree = "<group>"; };
		C52C9FC229E54D87007D616D /* Coordinator.swift */ = {isa = PBXFileReference; lastKnownFileType = sourcecode.swift; path = Coordinator.swift; sourceTree = "<group>"; };
		C52C9FC429E54E3E007D616D /* MainCoordinator.swift */ = {isa = PBXFileReference; lastKnownFileType = sourcecode.swift; path = MainCoordinator.swift; sourceTree = "<group>"; };
		C52C9FC829E55A40007D616D /* HomeCoordinator.swift */ = {isa = PBXFileReference; lastKnownFileType = sourcecode.swift; path = HomeCoordinator.swift; sourceTree = "<group>"; };
		C52C9FCA29E55A59007D616D /* HomeViewController.swift */ = {isa = PBXFileReference; lastKnownFileType = sourcecode.swift; path = HomeViewController.swift; sourceTree = "<group>"; };
		C52C9FCC29E55A65007D616D /* HomeViewModel.swift */ = {isa = PBXFileReference; lastKnownFileType = sourcecode.swift; path = HomeViewModel.swift; sourceTree = "<group>"; };
		C52C9FCE29E55A78007D616D /* HomeView.swift */ = {isa = PBXFileReference; lastKnownFileType = sourcecode.swift; path = HomeView.swift; sourceTree = "<group>"; };
		C52C9FD129E55DE4007D616D /* FleetCoordinator.swift */ = {isa = PBXFileReference; lastKnownFileType = sourcecode.swift; path = FleetCoordinator.swift; sourceTree = "<group>"; };
		C52C9FD329E55DF3007D616D /* FleetViewModel.swift */ = {isa = PBXFileReference; lastKnownFileType = sourcecode.swift; path = FleetViewModel.swift; sourceTree = "<group>"; };
		C52C9FD529E55E00007D616D /* FleetViewController.swift */ = {isa = PBXFileReference; lastKnownFileType = sourcecode.swift; path = FleetViewController.swift; sourceTree = "<group>"; };
		C52C9FDA29E56029007D616D /* MyWorkCoordinator.swift */ = {isa = PBXFileReference; lastKnownFileType = sourcecode.swift; path = MyWorkCoordinator.swift; sourceTree = "<group>"; };
		C52C9FDC29E56036007D616D /* MyWorkViewModel.swift */ = {isa = PBXFileReference; lastKnownFileType = sourcecode.swift; path = MyWorkViewModel.swift; sourceTree = "<group>"; };
		C52C9FDE29E56048007D616D /* MyWorkViewController.swift */ = {isa = PBXFileReference; lastKnownFileType = sourcecode.swift; path = MyWorkViewController.swift; sourceTree = "<group>"; };
		C52C9FE329E56592007D616D /* Colors+.swift */ = {isa = PBXFileReference; lastKnownFileType = sourcecode.swift; path = "Colors+.swift"; sourceTree = "<group>"; };
		C52C9FE729E5681C007D616D /* Myriad-Pro-Condensed.ttf */ = {isa = PBXFileReference; lastKnownFileType = file; path = "Myriad-Pro-Condensed.ttf"; sourceTree = "<group>"; };
		C52C9FE829E5681C007D616D /* Myriad-Pro-Bold-Condensed.ttf */ = {isa = PBXFileReference; lastKnownFileType = file; path = "Myriad-Pro-Bold-Condensed.ttf"; sourceTree = "<group>"; };
		C52C9FE929E5681C007D616D /* Myriad-Pro-Light-Condensed.ttf */ = {isa = PBXFileReference; lastKnownFileType = file; path = "Myriad-Pro-Light-Condensed.ttf"; sourceTree = "<group>"; };
		C52C9FEE29E56951007D616D /* Fonts+.swift */ = {isa = PBXFileReference; lastKnownFileType = sourcecode.swift; path = "Fonts+.swift"; sourceTree = "<group>"; };
		C53A47B629F130D200F16201 /* FleetCardView.swift */ = {isa = PBXFileReference; lastKnownFileType = sourcecode.swift; path = FleetCardView.swift; sourceTree = "<group>"; };
		C53A47B829F1535A00F16201 /* FleetCardCellView.swift */ = {isa = PBXFileReference; lastKnownFileType = sourcecode.swift; path = FleetCardCellView.swift; sourceTree = "<group>"; };
		C53A47BA29F15D8400F16201 /* Pumps.swift */ = {isa = PBXFileReference; lastKnownFileType = sourcecode.swift; path = Pumps.swift; sourceTree = "<group>"; };
		C545A5E129EFF2D1004B2D82 /* EventCardView.swift */ = {isa = PBXFileReference; lastKnownFileType = sourcecode.swift; path = EventCardView.swift; sourceTree = "<group>"; };
		C5601D7F2A00FF6F0032CC0E /* EventCard.swift */ = {isa = PBXFileReference; lastKnownFileType = sourcecode.swift; path = EventCard.swift; sourceTree = "<group>"; };
		C5B0112C29FA93CD00E8BA1D /* HamburgerView.swift */ = {isa = PBXFileReference; lastKnownFileType = sourcecode.swift; path = HamburgerView.swift; sourceTree = "<group>"; };
		C5B74F1029E6B88C00163C48 /* UIView+.swift */ = {isa = PBXFileReference; lastKnownFileType = sourcecode.swift; path = "UIView+.swift"; sourceTree = "<group>"; };
		C5B99C7529ED3BB9006A0F3D /* NoContentView.swift */ = {isa = PBXFileReference; lastKnownFileType = sourcecode.swift; path = NoContentView.swift; sourceTree = "<group>"; };
		C5B99C7729ED5A7F006A0F3D /* UILabel+.swift */ = {isa = PBXFileReference; lastKnownFileType = sourcecode.swift; path = "UILabel+.swift"; sourceTree = "<group>"; };
		C5B99C7929ED983E006A0F3D /* NavBarView.swift */ = {isa = PBXFileReference; lastKnownFileType = sourcecode.swift; path = NavBarView.swift; sourceTree = "<group>"; };
/* End PBXFileReference section */

/* Begin PBXFrameworksBuildPhase section */
		C52C9FA729E54C00007D616D /* Frameworks */ = {
			isa = PBXFrameworksBuildPhase;
			buildActionMask = 2147483647;
			files = (
			);
			runOnlyForDeploymentPostprocessing = 0;
		};
/* End PBXFrameworksBuildPhase section */

/* Begin PBXGroup section */
		C52C9FA129E54C00007D616D = {
			isa = PBXGroup;
			children = (
				C52C9FAC29E54C00007D616D /* Painter */,
				C52C9FAB29E54C00007D616D /* Products */,
			);
			sourceTree = "<group>";
		};
		C52C9FAB29E54C00007D616D /* Products */ = {
			isa = PBXGroup;
			children = (
				C52C9FAA29E54C00007D616D /* Painter.app */,
			);
			name = Products;
			sourceTree = "<group>";
		};
		C52C9FAC29E54C00007D616D /* Painter */ = {
			isa = PBXGroup;
			children = (
				C52C9FC629E55A28007D616D /* UI */,
				C52C9FC129E54D7B007D616D /* Main */,
				C52C9FE229E56567007D616D /* Extensions */,
				C52C9FAF29E54C00007D616D /* SceneDelegate.swift */,
				C52C9FAD29E54C00007D616D /* AppDelegate.swift */,
				C52C9FB129E54C00007D616D /* ViewController.swift */,
				C52C9FB329E54C00007D616D /* Main.storyboard */,
				C52C9FB629E54C02007D616D /* Assets.xcassets */,
				C52C9FB829E54C02007D616D /* LaunchScreen.storyboard */,
				C52C9FBB29E54C02007D616D /* Info.plist */,
			);
			path = Painter;
			sourceTree = "<group>";
		};
		C52C9FC129E54D7B007D616D /* Main */ = {
			isa = PBXGroup;
			children = (
				C52C9FC229E54D87007D616D /* Coordinator.swift */,
				C52C9FC429E54E3E007D616D /* MainCoordinator.swift */,
			);
			path = Main;
			sourceTree = "<group>";
		};
		C52C9FC629E55A28007D616D /* UI */ = {
			isa = PBXGroup;
			children = (
				C5B0112B29FA93A700E8BA1D /* CommonViews */,
				C52C9FD929E56016007D616D /* MyWork */,
				C52C9FD029E55DD4007D616D /* Fleet */,
				C52C9FC729E55A31007D616D /* Home */,
			);
			path = UI;
			sourceTree = "<group>";
		};
		C52C9FC729E55A31007D616D /* Home */ = {
			isa = PBXGroup;
			children = (
				C52C9FC829E55A40007D616D /* HomeCoordinator.swift */,
				C52C9FCA29E55A59007D616D /* HomeViewController.swift */,
				C52C9FCC29E55A65007D616D /* HomeViewModel.swift */,
				C52C9FCE29E55A78007D616D /* HomeView.swift */,
				C545A5E129EFF2D1004B2D82 /* EventCardView.swift */,
				C5601D7F2A00FF6F0032CC0E /* EventCard.swift */,
			);
			path = Home;
			sourceTree = "<group>";
		};
		C52C9FD029E55DD4007D616D /* Fleet */ = {
			isa = PBXGroup;
			children = (
				C52C9FD129E55DE4007D616D /* FleetCoordinator.swift */,
				C52C9FD329E55DF3007D616D /* FleetViewModel.swift */,
				C52C9FD529E55E00007D616D /* FleetViewController.swift */,
				C53A47B629F130D200F16201 /* FleetCardView.swift */,
				C53A47B829F1535A00F16201 /* FleetCardCellView.swift */,
				C53A47BA29F15D8400F16201 /* Pumps.swift */,
			);
			path = Fleet;
			sourceTree = "<group>";
		};
		C52C9FD929E56016007D616D /* MyWork */ = {
			isa = PBXGroup;
			children = (
				C52C9FDA29E56029007D616D /* MyWorkCoordinator.swift */,
				C52C9FDC29E56036007D616D /* MyWorkViewModel.swift */,
				C52C9FDE29E56048007D616D /* MyWorkViewController.swift */,
				C503147A29EEE7F5000A3560 /* MyWorkCardView.swift */,
				C5B99C7529ED3BB9006A0F3D /* NoContentView.swift */,
			);
			path = MyWork;
			sourceTree = "<group>";
		};
		C52C9FE229E56567007D616D /* Extensions */ = {
			isa = PBXGroup;
			children = (
				C52C9FE529E56666007D616D /* Fonts */,
				C52C9FE329E56592007D616D /* Colors+.swift */,
				C5B74F1029E6B88C00163C48 /* UIView+.swift */,
				C5B99C7729ED5A7F006A0F3D /* UILabel+.swift */,
			);
			path = Extensions;
			sourceTree = "<group>";
		};
		C52C9FE529E56666007D616D /* Fonts */ = {
			isa = PBXGroup;
			children = (
				C52C9FE629E56807007D616D /* FontFiles */,
				C52C9FEE29E56951007D616D /* Fonts+.swift */,
			);
			path = Fonts;
			sourceTree = "<group>";
		};
		C52C9FE629E56807007D616D /* FontFiles */ = {
			isa = PBXGroup;
			children = (
				C52C9FE829E5681C007D616D /* Myriad-Pro-Bold-Condensed.ttf */,
				C52C9FE729E5681C007D616D /* Myriad-Pro-Condensed.ttf */,
				C52C9FE929E5681C007D616D /* Myriad-Pro-Light-Condensed.ttf */,
			);
			path = FontFiles;
			sourceTree = "<group>";
		};
		C5B0112B29FA93A700E8BA1D /* CommonViews */ = {
			isa = PBXGroup;
			children = (
				C5B99C7929ED983E006A0F3D /* NavBarView.swift */,
				C5B0112C29FA93CD00E8BA1D /* HamburgerView.swift */,
			);
			path = CommonViews;
			sourceTree = "<group>";
		};
/* End PBXGroup section */

/* Begin PBXNativeTarget section */
		C52C9FA929E54C00007D616D /* Painter */ = {
			isa = PBXNativeTarget;
			buildConfigurationList = C52C9FBE29E54C02007D616D /* Build configuration list for PBXNativeTarget "Painter" */;
			buildPhases = (
				C52C9FA629E54C00007D616D /* Sources */,
				C52C9FA729E54C00007D616D /* Frameworks */,
				C52C9FA829E54C00007D616D /* Resources */,
			);
			buildRules = (
			);
			dependencies = (
			);
			name = Painter;
			productName = Painter;
			productReference = C52C9FAA29E54C00007D616D /* Painter.app */;
			productType = "com.apple.product-type.application";
		};
/* End PBXNativeTarget section */

/* Begin PBXProject section */
		C52C9FA229E54C00007D616D /* Project object */ = {
			isa = PBXProject;
			attributes = {
				BuildIndependentTargetsInParallel = 1;
				LastSwiftUpdateCheck = 1430;
				LastUpgradeCheck = 1430;
				TargetAttributes = {
					C52C9FA929E54C00007D616D = {
						CreatedOnToolsVersion = 14.3;
					};
				};
			};
			buildConfigurationList = C52C9FA529E54C00007D616D /* Build configuration list for PBXProject "Painter" */;
			compatibilityVersion = "Xcode 14.0";
			developmentRegion = en;
			hasScannedForEncodings = 0;
			knownRegions = (
				en,
				Base,
			);
			mainGroup = C52C9FA129E54C00007D616D;
			productRefGroup = C52C9FAB29E54C00007D616D /* Products */;
			projectDirPath = "";
			projectRoot = "";
			targets = (
				C52C9FA929E54C00007D616D /* Painter */,
			);
		};
/* End PBXProject section */

/* Begin PBXResourcesBuildPhase section */
		C52C9FA829E54C00007D616D /* Resources */ = {
			isa = PBXResourcesBuildPhase;
			buildActionMask = 2147483647;
			files = (
				C52C9FEA29E5681D007D616D /* Myriad-Pro-Condensed.ttf in Resources */,
				C52C9FEB29E5681D007D616D /* Myriad-Pro-Bold-Condensed.ttf in Resources */,
				C52C9FBA29E54C02007D616D /* LaunchScreen.storyboard in Resources */,
				C52C9FB729E54C02007D616D /* Assets.xcassets in Resources */,
				C52C9FB529E54C00007D616D /* Main.storyboard in Resources */,
				C52C9FEC29E5681D007D616D /* Myriad-Pro-Light-Condensed.ttf in Resources */,
			);
			runOnlyForDeploymentPostprocessing = 0;
		};
/* End PBXResourcesBuildPhase section */

/* Begin PBXSourcesBuildPhase section */
		C52C9FA629E54C00007D616D /* Sources */ = {
			isa = PBXSourcesBuildPhase;
			buildActionMask = 2147483647;
			files = (
				C52C9FDD29E56036007D616D /* MyWorkViewModel.swift in Sources */,
				C52C9FCF29E55A78007D616D /* HomeView.swift in Sources */,
				C5601D802A00FF6F0032CC0E /* EventCard.swift in Sources */,
				C53A47B929F1535A00F16201 /* FleetCardCellView.swift in Sources */,
				C52C9FC329E54D87007D616D /* Coordinator.swift in Sources */,
				C53A47B729F130D200F16201 /* FleetCardView.swift in Sources */,
				C5B74F1129E6B88C00163C48 /* UIView+.swift in Sources */,
				C52C9FB229E54C00007D616D /* ViewController.swift in Sources */,
				C52C9FD429E55DF3007D616D /* FleetViewModel.swift in Sources */,
				C5B99C7A29ED983E006A0F3D /* NavBarView.swift in Sources */,
				C5B99C7629ED3BB9006A0F3D /* NoContentView.swift in Sources */,
				C5B99C7829ED5A7F006A0F3D /* UILabel+.swift in Sources */,
				C52C9FAE29E54C00007D616D /* AppDelegate.swift in Sources */,
				C52C9FCD29E55A65007D616D /* HomeViewModel.swift in Sources */,
				C52C9FD229E55DE4007D616D /* FleetCoordinator.swift in Sources */,
				C503147B29EEE7F5000A3560 /* MyWorkCardView.swift in Sources */,
				C53A47BB29F15D8400F16201 /* Pumps.swift in Sources */,
				C52C9FD629E55E00007D616D /* FleetViewController.swift in Sources */,
				C5B0112D29FA93CD00E8BA1D /* HamburgerView.swift in Sources */,
				C52C9FC529E54E3E007D616D /* MainCoordinator.swift in Sources */,
				C52C9FB029E54C00007D616D /* SceneDelegate.swift in Sources */,
				C52C9FCB29E55A59007D616D /* HomeViewController.swift in Sources */,
				C52C9FDF29E56048007D616D /* MyWorkViewController.swift in Sources */,
				C52C9FEF29E56951007D616D /* Fonts+.swift in Sources */,
				C52C9FE429E56592007D616D /* Colors+.swift in Sources */,
				C545A5E229EFF2D1004B2D82 /* EventCardView.swift in Sources */,
				C52C9FC929E55A40007D616D /* HomeCoordinator.swift in Sources */,
				C52C9FDB29E56029007D616D /* MyWorkCoordinator.swift in Sources */,
			);
			runOnlyForDeploymentPostprocessing = 0;
		};
/* End PBXSourcesBuildPhase section */

/* Begin PBXVariantGroup section */
		C52C9FB329E54C00007D616D /* Main.storyboard */ = {
			isa = PBXVariantGroup;
			children = (
				C52C9FB429E54C00007D616D /* Base */,
			);
			name = Main.storyboard;
			sourceTree = "<group>";
		};
		C52C9FB829E54C02007D616D /* LaunchScreen.storyboard */ = {
			isa = PBXVariantGroup;
			children = (
				C52C9FB929E54C02007D616D /* Base */,
			);
			name = LaunchScreen.storyboard;
			sourceTree = "<group>";
		};
/* End PBXVariantGroup section */

/* Begin XCBuildConfiguration section */
		C52C9FBC29E54C02007D616D /* Debug */ = {
			isa = XCBuildConfiguration;
			buildSettings = {
				ALWAYS_SEARCH_USER_PATHS = NO;
				CLANG_ANALYZER_NONNULL = YES;
				CLANG_ANALYZER_NUMBER_OBJECT_CONVERSION = YES_AGGRESSIVE;
				CLANG_CXX_LANGUAGE_STANDARD = "gnu++20";
				CLANG_ENABLE_MODULES = YES;
				CLANG_ENABLE_OBJC_ARC = YES;
				CLANG_ENABLE_OBJC_WEAK = YES;
				CLANG_WARN_BLOCK_CAPTURE_AUTORELEASING = YES;
				CLANG_WARN_BOOL_CONVERSION = YES;
				CLANG_WARN_COMMA = YES;
				CLANG_WARN_CONSTANT_CONVERSION = YES;
				CLANG_WARN_DEPRECATED_OBJC_IMPLEMENTATIONS = YES;
				CLANG_WARN_DIRECT_OBJC_ISA_USAGE = YES_ERROR;
				CLANG_WARN_DOCUMENTATION_COMMENTS = YES;
				CLANG_WARN_EMPTY_BODY = YES;
				CLANG_WARN_ENUM_CONVERSION = YES;
				CLANG_WARN_INFINITE_RECURSION = YES;
				CLANG_WARN_INT_CONVERSION = YES;
				CLANG_WARN_NON_LITERAL_NULL_CONVERSION = YES;
				CLANG_WARN_OBJC_IMPLICIT_RETAIN_SELF = YES;
				CLANG_WARN_OBJC_LITERAL_CONVERSION = YES;
				CLANG_WARN_OBJC_ROOT_CLASS = YES_ERROR;
				CLANG_WARN_QUOTED_INCLUDE_IN_FRAMEWORK_HEADER = YES;
				CLANG_WARN_RANGE_LOOP_ANALYSIS = YES;
				CLANG_WARN_STRICT_PROTOTYPES = YES;
				CLANG_WARN_SUSPICIOUS_MOVE = YES;
				CLANG_WARN_UNGUARDED_AVAILABILITY = YES_AGGRESSIVE;
				CLANG_WARN_UNREACHABLE_CODE = YES;
				CLANG_WARN__DUPLICATE_METHOD_MATCH = YES;
				COPY_PHASE_STRIP = NO;
				DEBUG_INFORMATION_FORMAT = dwarf;
				ENABLE_STRICT_OBJC_MSGSEND = YES;
				ENABLE_TESTABILITY = YES;
				GCC_C_LANGUAGE_STANDARD = gnu11;
				GCC_DYNAMIC_NO_PIC = NO;
				GCC_NO_COMMON_BLOCKS = YES;
				GCC_OPTIMIZATION_LEVEL = 0;
				GCC_PREPROCESSOR_DEFINITIONS = (
					"DEBUG=1",
					"$(inherited)",
				);
				GCC_WARN_64_TO_32_BIT_CONVERSION = YES;
				GCC_WARN_ABOUT_RETURN_TYPE = YES_ERROR;
				GCC_WARN_UNDECLARED_SELECTOR = YES;
				GCC_WARN_UNINITIALIZED_AUTOS = YES_AGGRESSIVE;
				GCC_WARN_UNUSED_FUNCTION = YES;
				GCC_WARN_UNUSED_VARIABLE = YES;
				IPHONEOS_DEPLOYMENT_TARGET = 16.4;
				MTL_ENABLE_DEBUG_INFO = INCLUDE_SOURCE;
				MTL_FAST_MATH = YES;
				ONLY_ACTIVE_ARCH = YES;
				SDKROOT = iphoneos;
				SWIFT_ACTIVE_COMPILATION_CONDITIONS = DEBUG;
				SWIFT_OPTIMIZATION_LEVEL = "-Onone";
			};
			name = Debug;
		};
		C52C9FBD29E54C02007D616D /* Release */ = {
			isa = XCBuildConfiguration;
			buildSettings = {
				ALWAYS_SEARCH_USER_PATHS = NO;
				CLANG_ANALYZER_NONNULL = YES;
				CLANG_ANALYZER_NUMBER_OBJECT_CONVERSION = YES_AGGRESSIVE;
				CLANG_CXX_LANGUAGE_STANDARD = "gnu++20";
				CLANG_ENABLE_MODULES = YES;
				CLANG_ENABLE_OBJC_ARC = YES;
				CLANG_ENABLE_OBJC_WEAK = YES;
				CLANG_WARN_BLOCK_CAPTURE_AUTORELEASING = YES;
				CLANG_WARN_BOOL_CONVERSION = YES;
				CLANG_WARN_COMMA = YES;
				CLANG_WARN_CONSTANT_CONVERSION = YES;
				CLANG_WARN_DEPRECATED_OBJC_IMPLEMENTATIONS = YES;
				CLANG_WARN_DIRECT_OBJC_ISA_USAGE = YES_ERROR;
				CLANG_WARN_DOCUMENTATION_COMMENTS = YES;
				CLANG_WARN_EMPTY_BODY = YES;
				CLANG_WARN_ENUM_CONVERSION = YES;
				CLANG_WARN_INFINITE_RECURSION = YES;
				CLANG_WARN_INT_CONVERSION = YES;
				CLANG_WARN_NON_LITERAL_NULL_CONVERSION = YES;
				CLANG_WARN_OBJC_IMPLICIT_RETAIN_SELF = YES;
				CLANG_WARN_OBJC_LITERAL_CONVERSION = YES;
				CLANG_WARN_OBJC_ROOT_CLASS = YES_ERROR;
				CLANG_WARN_QUOTED_INCLUDE_IN_FRAMEWORK_HEADER = YES;
				CLANG_WARN_RANGE_LOOP_ANALYSIS = YES;
				CLANG_WARN_STRICT_PROTOTYPES = YES;
				CLANG_WARN_SUSPICIOUS_MOVE = YES;
				CLANG_WARN_UNGUARDED_AVAILABILITY = YES_AGGRESSIVE;
				CLANG_WARN_UNREACHABLE_CODE = YES;
				CLANG_WARN__DUPLICATE_METHOD_MATCH = YES;
				COPY_PHASE_STRIP = NO;
				DEBUG_INFORMATION_FORMAT = "dwarf-with-dsym";
				ENABLE_NS_ASSERTIONS = NO;
				ENABLE_STRICT_OBJC_MSGSEND = YES;
				GCC_C_LANGUAGE_STANDARD = gnu11;
				GCC_NO_COMMON_BLOCKS = YES;
				GCC_WARN_64_TO_32_BIT_CONVERSION = YES;
				GCC_WARN_ABOUT_RETURN_TYPE = YES_ERROR;
				GCC_WARN_UNDECLARED_SELECTOR = YES;
				GCC_WARN_UNINITIALIZED_AUTOS = YES_AGGRESSIVE;
				GCC_WARN_UNUSED_FUNCTION = YES;
				GCC_WARN_UNUSED_VARIABLE = YES;
				IPHONEOS_DEPLOYMENT_TARGET = 16.4;
				MTL_ENABLE_DEBUG_INFO = NO;
				MTL_FAST_MATH = YES;
				SDKROOT = iphoneos;
				SWIFT_COMPILATION_MODE = wholemodule;
				SWIFT_OPTIMIZATION_LEVEL = "-O";
				VALIDATE_PRODUCT = YES;
			};
			name = Release;
		};
		C52C9FBF29E54C02007D616D /* Debug */ = {
			isa = XCBuildConfiguration;
			buildSettings = {
				ASSETCATALOG_COMPILER_APPICON_NAME = AppIcon;
				ASSETCATALOG_COMPILER_GLOBAL_ACCENT_COLOR_NAME = AccentColor;
				CODE_SIGN_STYLE = Automatic;
				CURRENT_PROJECT_VERSION = 1;
				DEVELOPMENT_TEAM = ACST29WRU8;
				GENERATE_INFOPLIST_FILE = YES;
				INFOPLIST_FILE = Painter/Info.plist;
				INFOPLIST_KEY_UIApplicationSupportsIndirectInputEvents = YES;
				INFOPLIST_KEY_UILaunchStoryboardName = LaunchScreen;
				INFOPLIST_KEY_UIMainStoryboardFile = Main;
				INFOPLIST_KEY_UISupportedInterfaceOrientations_iPad = "UIInterfaceOrientationPortrait UIInterfaceOrientationPortraitUpsideDown UIInterfaceOrientationLandscapeLeft UIInterfaceOrientationLandscapeRight";
				INFOPLIST_KEY_UISupportedInterfaceOrientations_iPhone = "UIInterfaceOrientationPortrait UIInterfaceOrientationLandscapeLeft UIInterfaceOrientationLandscapeRight";
				LD_RUNPATH_SEARCH_PATHS = (
					"$(inherited)",
					"@executable_path/Frameworks",
				);
				MARKETING_VERSION = 1.0;
				PRODUCT_BUNDLE_IDENTIFIER = com.Miran.Painter;
				PRODUCT_NAME = "$(TARGET_NAME)";
				SWIFT_EMIT_LOC_STRINGS = YES;
				SWIFT_VERSION = 5.0;
				TARGETED_DEVICE_FAMILY = "1,2";
			};
			name = Debug;
		};
		C52C9FC029E54C02007D616D /* Release */ = {
			isa = XCBuildConfiguration;
			buildSettings = {
				ASSETCATALOG_COMPILER_APPICON_NAME = AppIcon;
				ASSETCATALOG_COMPILER_GLOBAL_ACCENT_COLOR_NAME = AccentColor;
				CODE_SIGN_STYLE = Automatic;
				CURRENT_PROJECT_VERSION = 1;
				DEVELOPMENT_TEAM = ACST29WRU8;
				GENERATE_INFOPLIST_FILE = YES;
				INFOPLIST_FILE = Painter/Info.plist;
				INFOPLIST_KEY_UIApplicationSupportsIndirectInputEvents = YES;
				INFOPLIST_KEY_UILaunchStoryboardName = LaunchScreen;
				INFOPLIST_KEY_UIMainStoryboardFile = Main;
				INFOPLIST_KEY_UISupportedInterfaceOrientations_iPad = "UIInterfaceOrientationPortrait UIInterfaceOrientationPortraitUpsideDown UIInterfaceOrientationLandscapeLeft UIInterfaceOrientationLandscapeRight";
				INFOPLIST_KEY_UISupportedInterfaceOrientations_iPhone = "UIInterfaceOrientationPortrait UIInterfaceOrientationLandscapeLeft UIInterfaceOrientationLandscapeRight";
				LD_RUNPATH_SEARCH_PATHS = (
					"$(inherited)",
					"@executable_path/Frameworks",
				);
				MARKETING_VERSION = 1.0;
				PRODUCT_BUNDLE_IDENTIFIER = com.Miran.Painter;
				PRODUCT_NAME = "$(TARGET_NAME)";
				SWIFT_EMIT_LOC_STRINGS = YES;
				SWIFT_VERSION = 5.0;
				TARGETED_DEVICE_FAMILY = "1,2";
			};
			name = Release;
		};
/* End XCBuildConfiguration section */

/* Begin XCConfigurationList section */
		C52C9FA529E54C00007D616D /* Build configuration list for PBXProject "Painter" */ = {
			isa = XCConfigurationList;
			buildConfigurations = (
				C52C9FBC29E54C02007D616D /* Debug */,
				C52C9FBD29E54C02007D616D /* Release */,
			);
			defaultConfigurationIsVisible = 0;
			defaultConfigurationName = Release;
		};
		C52C9FBE29E54C02007D616D /* Build configuration list for PBXNativeTarget "Painter" */ = {
			isa = XCConfigurationList;
			buildConfigurations = (
				C52C9FBF29E54C02007D616D /* Debug */,
				C52C9FC029E54C02007D616D /* Release */,
			);
			defaultConfigurationIsVisible = 0;
			defaultConfigurationName = Release;
		};
/* End XCConfigurationList section */
	};
	rootObject = C52C9FA229E54C00007D616D /* Project object */;
}
